// !$*UTF8*$!
{
	archiveVersion = 1;
	classes = {
	};
	objectVersion = 56;
	objects = {

/* Begin PBXBuildFile section */
		9C7378842BAAFD44002C2CCC /* AppDelegate.swift in Sources */ = {isa = PBXBuildFile; fileRef = 9C7378832BAAFD44002C2CCC /* AppDelegate.swift */; };
		9C7378862BAAFD44002C2CCC /* SceneDelegate.swift in Sources */ = {isa = PBXBuildFile; fileRef = 9C7378852BAAFD44002C2CCC /* SceneDelegate.swift */; };
		9C7378882BAAFD44002C2CCC /* SearchViewController.swift in Sources */ = {isa = PBXBuildFile; fileRef = 9C7378872BAAFD44002C2CCC /* SearchViewController.swift */; };
		9C73788B2BAAFD44002C2CCC /* Base in Resources */ = {isa = PBXBuildFile; fileRef = 9C73788A2BAAFD44002C2CCC /* Base */; };
		9C73788D2BAAFD47002C2CCC /* Assets.xcassets in Resources */ = {isa = PBXBuildFile; fileRef = 9C73788C2BAAFD47002C2CCC /* Assets.xcassets */; };
		9C7378902BAAFD47002C2CCC /* Base in Resources */ = {isa = PBXBuildFile; fileRef = 9C73788F2BAAFD47002C2CCC /* Base */; };
		9C73789B2BAAFD48002C2CCC /* WordExplorerTests.swift in Sources */ = {isa = PBXBuildFile; fileRef = 9C73789A2BAAFD48002C2CCC /* WordExplorerTests.swift */; };
		9C7378A52BAAFD48002C2CCC /* WordExplorerUITests.swift in Sources */ = {isa = PBXBuildFile; fileRef = 9C7378A42BAAFD48002C2CCC /* WordExplorerUITests.swift */; };
		9C7378A72BAAFD48002C2CCC /* WordExplorerUITestsLaunchTests.swift in Sources */ = {isa = PBXBuildFile; fileRef = 9C7378A62BAAFD48002C2CCC /* WordExplorerUITestsLaunchTests.swift */; };
		9C7379192BAB7E27002C2CCC /* DetailViewController.swift in Sources */ = {isa = PBXBuildFile; fileRef = 9C7379182BAB7E27002C2CCC /* DetailViewController.swift */; };
		9C73791B2BAB7E40002C2CCC /* SearchViewModel.swift in Sources */ = {isa = PBXBuildFile; fileRef = 9C73791A2BAB7E40002C2CCC /* SearchViewModel.swift */; };
		9C73791D2BAB7E4F002C2CCC /* DetailViewModel.swift in Sources */ = {isa = PBXBuildFile; fileRef = 9C73791C2BAB7E4F002C2CCC /* DetailViewModel.swift */; };
		9C73791F2BAB7E6A002C2CCC /* WordModel.swift in Sources */ = {isa = PBXBuildFile; fileRef = 9C73791E2BAB7E6A002C2CCC /* WordModel.swift */; };
		9C7379212BAB7E7F002C2CCC /* SynonymModel.swift in Sources */ = {isa = PBXBuildFile; fileRef = 9C7379202BAB7E7F002C2CCC /* SynonymModel.swift */; };
		9C7F82262BACC9AB0077F23F /* DetailCell.swift in Sources */ = {isa = PBXBuildFile; fileRef = 9C7F82252BACC9AB0077F23F /* DetailCell.swift */; };
		9C87C12A2BB1B26900F2723D /* SearchTextCell.swift in Sources */ = {isa = PBXBuildFile; fileRef = 9C87C1292BB1B26900F2723D /* SearchTextCell.swift */; };
/* End PBXBuildFile section */

/* Begin PBXContainerItemProxy section */
		9C7378972BAAFD48002C2CCC /* PBXContainerItemProxy */ = {
			isa = PBXContainerItemProxy;
			containerPortal = 9C7378782BAAFD43002C2CCC /* Project object */;
			proxyType = 1;
			remoteGlobalIDString = 9C73787F2BAAFD44002C2CCC;
			remoteInfo = WordExplorer;
		};
		9C7378A12BAAFD48002C2CCC /* PBXContainerItemProxy */ = {
			isa = PBXContainerItemProxy;
			containerPortal = 9C7378782BAAFD43002C2CCC /* Project object */;
			proxyType = 1;
			remoteGlobalIDString = 9C73787F2BAAFD44002C2CCC;
			remoteInfo = WordExplorer;
		};
/* End PBXContainerItemProxy section */

/* Begin PBXFileReference section */
		9C7378802BAAFD44002C2CCC /* WordExplorer.app */ = {isa = PBXFileReference; explicitFileType = wrapper.application; includeInIndex = 0; path = WordExplorer.app; sourceTree = BUILT_PRODUCTS_DIR; };
		9C7378832BAAFD44002C2CCC /* AppDelegate.swift */ = {isa = PBXFileReference; lastKnownFileType = sourcecode.swift; path = AppDelegate.swift; sourceTree = "<group>"; };
		9C7378852BAAFD44002C2CCC /* SceneDelegate.swift */ = {isa = PBXFileReference; lastKnownFileType = sourcecode.swift; path = SceneDelegate.swift; sourceTree = "<group>"; };
		9C7378872BAAFD44002C2CCC /* SearchViewController.swift */ = {isa = PBXFileReference; lastKnownFileType = sourcecode.swift; path = SearchViewController.swift; sourceTree = "<group>"; };
		9C73788A2BAAFD44002C2CCC /* Base */ = {isa = PBXFileReference; lastKnownFileType = file.storyboard; name = Base; path = Base.lproj/Main.storyboard; sourceTree = "<group>"; };
		9C73788C2BAAFD47002C2CCC /* Assets.xcassets */ = {isa = PBXFileReference; lastKnownFileType = folder.assetcatalog; path = Assets.xcassets; sourceTree = "<group>"; };
		9C73788F2BAAFD47002C2CCC /* Base */ = {isa = PBXFileReference; lastKnownFileType = file.storyboard; name = Base; path = Base.lproj/LaunchScreen.storyboard; sourceTree = "<group>"; };
		9C7378912BAAFD47002C2CCC /* Info.plist */ = {isa = PBXFileReference; lastKnownFileType = text.plist.xml; path = Info.plist; sourceTree = "<group>"; };
		9C7378962BAAFD48002C2CCC /* WordExplorerTests.xctest */ = {isa = PBXFileReference; explicitFileType = wrapper.cfbundle; includeInIndex = 0; path = WordExplorerTests.xctest; sourceTree = BUILT_PRODUCTS_DIR; };
		9C73789A2BAAFD48002C2CCC /* WordExplorerTests.swift */ = {isa = PBXFileReference; lastKnownFileType = sourcecode.swift; path = WordExplorerTests.swift; sourceTree = "<group>"; };
		9C7378A02BAAFD48002C2CCC /* WordExplorerUITests.xctest */ = {isa = PBXFileReference; explicitFileType = wrapper.cfbundle; includeInIndex = 0; path = WordExplorerUITests.xctest; sourceTree = BUILT_PRODUCTS_DIR; };
		9C7378A42BAAFD48002C2CCC /* WordExplorerUITests.swift */ = {isa = PBXFileReference; lastKnownFileType = sourcecode.swift; path = WordExplorerUITests.swift; sourceTree = "<group>"; };
		9C7378A62BAAFD48002C2CCC /* WordExplorerUITestsLaunchTests.swift */ = {isa = PBXFileReference; lastKnownFileType = sourcecode.swift; path = WordExplorerUITestsLaunchTests.swift; sourceTree = "<group>"; };
		9C7379182BAB7E27002C2CCC /* DetailViewController.swift */ = {isa = PBXFileReference; lastKnownFileType = sourcecode.swift; path = DetailViewController.swift; sourceTree = "<group>"; };
		9C73791A2BAB7E40002C2CCC /* SearchViewModel.swift */ = {isa = PBXFileReference; lastKnownFileType = sourcecode.swift; path = SearchViewModel.swift; sourceTree = "<group>"; };
		9C73791C2BAB7E4F002C2CCC /* DetailViewModel.swift */ = {isa = PBXFileReference; lastKnownFileType = sourcecode.swift; path = DetailViewModel.swift; sourceTree = "<group>"; };
		9C73791E2BAB7E6A002C2CCC /* WordModel.swift */ = {isa = PBXFileReference; lastKnownFileType = sourcecode.swift; path = WordModel.swift; sourceTree = "<group>"; };
		9C7379202BAB7E7F002C2CCC /* SynonymModel.swift */ = {isa = PBXFileReference; lastKnownFileType = sourcecode.swift; path = SynonymModel.swift; sourceTree = "<group>"; };
		9C7F82252BACC9AB0077F23F /* DetailCell.swift */ = {isa = PBXFileReference; lastKnownFileType = sourcecode.swift; path = DetailCell.swift; sourceTree = "<group>"; };
		9C87C1292BB1B26900F2723D /* SearchTextCell.swift */ = {isa = PBXFileReference; lastKnownFileType = sourcecode.swift; path = SearchTextCell.swift; sourceTree = "<group>"; };
/* End PBXFileReference section */

/* Begin PBXFrameworksBuildPhase section */
		9C73787D2BAAFD44002C2CCC /* Frameworks */ = {
			isa = PBXFrameworksBuildPhase;
			buildActionMask = 2147483647;
			files = (
			);
			runOnlyForDeploymentPostprocessing = 0;
		};
		9C7378932BAAFD48002C2CCC /* Frameworks */ = {
			isa = PBXFrameworksBuildPhase;
			buildActionMask = 2147483647;
			files = (
			);
			runOnlyForDeploymentPostprocessing = 0;
		};
		9C73789D2BAAFD48002C2CCC /* Frameworks */ = {
			isa = PBXFrameworksBuildPhase;
			buildActionMask = 2147483647;
			files = (
			);
			runOnlyForDeploymentPostprocessing = 0;
		};
/* End PBXFrameworksBuildPhase section */

/* Begin PBXGroup section */
		9C7378772BAAFD43002C2CCC = {
			isa = PBXGroup;
			children = (
				9C7378822BAAFD44002C2CCC /* WordExplorer */,
				9C7378992BAAFD48002C2CCC /* WordExplorerTests */,
				9C7378A32BAAFD48002C2CCC /* WordExplorerUITests */,
				9C7378812BAAFD44002C2CCC /* Products */,
			);
			sourceTree = "<group>";
		};
		9C7378812BAAFD44002C2CCC /* Products */ = {
			isa = PBXGroup;
			children = (
				9C7378802BAAFD44002C2CCC /* WordExplorer.app */,
				9C7378962BAAFD48002C2CCC /* WordExplorerTests.xctest */,
				9C7378A02BAAFD48002C2CCC /* WordExplorerUITests.xctest */,
			);
			name = Products;
			sourceTree = "<group>";
		};
		9C7378822BAAFD44002C2CCC /* WordExplorer */ = {
			isa = PBXGroup;
			children = (
				9C87C1282BB1B24700F2723D /* Cell */,
				9C7379152BAB7DF9002C2CCC /* ViewControllers */,
				9C7379112BAB1649002C2CCC /* ViewModels */,
				9C7379102BAB162C002C2CCC /* Views */,
				9C73790F2BAB161A002C2CCC /* Models */,
				9C7378832BAAFD44002C2CCC /* AppDelegate.swift */,
				9C7378852BAAFD44002C2CCC /* SceneDelegate.swift */,
				9C73788C2BAAFD47002C2CCC /* Assets.xcassets */,
				9C7378912BAAFD47002C2CCC /* Info.plist */,
			);
			path = WordExplorer;
			sourceTree = "<group>";
		};
		9C7378992BAAFD48002C2CCC /* WordExplorerTests */ = {
			isa = PBXGroup;
			children = (
				9C73789A2BAAFD48002C2CCC /* WordExplorerTests.swift */,
			);
			path = WordExplorerTests;
			sourceTree = "<group>";
		};
		9C7378A32BAAFD48002C2CCC /* WordExplorerUITests */ = {
			isa = PBXGroup;
			children = (
				9C7378A42BAAFD48002C2CCC /* WordExplorerUITests.swift */,
				9C7378A62BAAFD48002C2CCC /* WordExplorerUITestsLaunchTests.swift */,
			);
			path = WordExplorerUITests;
			sourceTree = "<group>";
		};
		9C73790F2BAB161A002C2CCC /* Models */ = {
			isa = PBXGroup;
			children = (
				9C73791E2BAB7E6A002C2CCC /* WordModel.swift */,
				9C7379202BAB7E7F002C2CCC /* SynonymModel.swift */,
			);
			path = Models;
			sourceTree = "<group>";
		};
		9C7379102BAB162C002C2CCC /* Views */ = {
			isa = PBXGroup;
			children = (
				9C7378892BAAFD44002C2CCC /* Main.storyboard */,
				9C73788E2BAAFD47002C2CCC /* LaunchScreen.storyboard */,
			);
			path = Views;
			sourceTree = "<group>";
		};
		9C7379112BAB1649002C2CCC /* ViewModels */ = {
			isa = PBXGroup;
			children = (
				9C73791A2BAB7E40002C2CCC /* SearchViewModel.swift */,
				9C73791C2BAB7E4F002C2CCC /* DetailViewModel.swift */,
			);
			path = ViewModels;
			sourceTree = "<group>";
		};
		9C7379152BAB7DF9002C2CCC /* ViewControllers */ = {
			isa = PBXGroup;
			children = (
				9C7379182BAB7E27002C2CCC /* DetailViewController.swift */,
				9C7378872BAAFD44002C2CCC /* SearchViewController.swift */,
			);
			path = ViewControllers;
			sourceTree = "<group>";
		};
		9C87C1282BB1B24700F2723D /* Cell */ = {
			isa = PBXGroup;
			children = (
				9C7F82252BACC9AB0077F23F /* DetailCell.swift */,
				9C87C1292BB1B26900F2723D /* SearchTextCell.swift */,
			);
			path = Cell;
			sourceTree = "<group>";
		};
/* End PBXGroup section */

/* Begin PBXNativeTarget section */
		9C73787F2BAAFD44002C2CCC /* WordExplorer */ = {
			isa = PBXNativeTarget;
			buildConfigurationList = 9C7378AA2BAAFD48002C2CCC /* Build configuration list for PBXNativeTarget "WordExplorer" */;
			buildPhases = (
				9C73787C2BAAFD44002C2CCC /* Sources */,
				9C73787D2BAAFD44002C2CCC /* Frameworks */,
				9C73787E2BAAFD44002C2CCC /* Resources */,
			);
			buildRules = (
			);
			dependencies = (
			);
			name = WordExplorer;
			productName = WordExplorer;
			productReference = 9C7378802BAAFD44002C2CCC /* WordExplorer.app */;
			productType = "com.apple.product-type.application";
		};
		9C7378952BAAFD48002C2CCC /* WordExplorerTests */ = {
			isa = PBXNativeTarget;
			buildConfigurationList = 9C7378AD2BAAFD48002C2CCC /* Build configuration list for PBXNativeTarget "WordExplorerTests" */;
			buildPhases = (
				9C7378922BAAFD48002C2CCC /* Sources */,
				9C7378932BAAFD48002C2CCC /* Frameworks */,
				9C7378942BAAFD48002C2CCC /* Resources */,
			);
			buildRules = (
			);
			dependencies = (
				9C7378982BAAFD48002C2CCC /* PBXTargetDependency */,
			);
			name = WordExplorerTests;
			productName = WordExplorerTests;
			productReference = 9C7378962BAAFD48002C2CCC /* WordExplorerTests.xctest */;
			productType = "com.apple.product-type.bundle.unit-test";
		};
		9C73789F2BAAFD48002C2CCC /* WordExplorerUITests */ = {
			isa = PBXNativeTarget;
			buildConfigurationList = 9C7378B02BAAFD48002C2CCC /* Build configuration list for PBXNativeTarget "WordExplorerUITests" */;
			buildPhases = (
				9C73789C2BAAFD48002C2CCC /* Sources */,
				9C73789D2BAAFD48002C2CCC /* Frameworks */,
				9C73789E2BAAFD48002C2CCC /* Resources */,
			);
			buildRules = (
			);
			dependencies = (
				9C7378A22BAAFD48002C2CCC /* PBXTargetDependency */,
			);
			name = WordExplorerUITests;
			productName = WordExplorerUITests;
			productReference = 9C7378A02BAAFD48002C2CCC /* WordExplorerUITests.xctest */;
			productType = "com.apple.product-type.bundle.ui-testing";
		};
/* End PBXNativeTarget section */

/* Begin PBXProject section */
		9C7378782BAAFD43002C2CCC /* Project object */ = {
			isa = PBXProject;
			attributes = {
				BuildIndependentTargetsInParallel = 1;
				LastSwiftUpdateCheck = 1530;
				LastUpgradeCheck = 1530;
				TargetAttributes = {
					9C73787F2BAAFD44002C2CCC = {
						CreatedOnToolsVersion = 15.3;
					};
					9C7378952BAAFD48002C2CCC = {
						CreatedOnToolsVersion = 15.3;
						TestTargetID = 9C73787F2BAAFD44002C2CCC;
					};
					9C73789F2BAAFD48002C2CCC = {
						CreatedOnToolsVersion = 15.3;
						TestTargetID = 9C73787F2BAAFD44002C2CCC;
					};
				};
			};
			buildConfigurationList = 9C73787B2BAAFD43002C2CCC /* Build configuration list for PBXProject "WordExplorer" */;
			compatibilityVersion = "Xcode 14.0";
			developmentRegion = en;
			hasScannedForEncodings = 0;
			knownRegions = (
				en,
				Base,
			);
			mainGroup = 9C7378772BAAFD43002C2CCC;
			productRefGroup = 9C7378812BAAFD44002C2CCC /* Products */;
			projectDirPath = "";
			projectRoot = "";
			targets = (
				9C73787F2BAAFD44002C2CCC /* WordExplorer */,
				9C7378952BAAFD48002C2CCC /* WordExplorerTests */,
				9C73789F2BAAFD48002C2CCC /* WordExplorerUITests */,
			);
		};
/* End PBXProject section */

/* Begin PBXResourcesBuildPhase section */
		9C73787E2BAAFD44002C2CCC /* Resources */ = {
			isa = PBXResourcesBuildPhase;
			buildActionMask = 2147483647;
			files = (
				9C73788D2BAAFD47002C2CCC /* Assets.xcassets in Resources */,
				9C7378902BAAFD47002C2CCC /* Base in Resources */,
				9C73788B2BAAFD44002C2CCC /* Base in Resources */,
			);
			runOnlyForDeploymentPostprocessing = 0;
		};
		9C7378942BAAFD48002C2CCC /* Resources */ = {
			isa = PBXResourcesBuildPhase;
			buildActionMask = 2147483647;
			files = (
			);
			runOnlyForDeploymentPostprocessing = 0;
		};
		9C73789E2BAAFD48002C2CCC /* Resources */ = {
			isa = PBXResourcesBuildPhase;
			buildActionMask = 2147483647;
			files = (
			);
			runOnlyForDeploymentPostprocessing = 0;
		};
/* End PBXResourcesBuildPhase section */

/* Begin PBXSourcesBuildPhase section */
		9C73787C2BAAFD44002C2CCC /* Sources */ = {
			isa = PBXSourcesBuildPhase;
			buildActionMask = 2147483647;
			files = (
				9C7F82262BACC9AB0077F23F /* DetailCell.swift in Sources */,
				9C73791B2BAB7E40002C2CCC /* SearchViewModel.swift in Sources */,
				9C7378882BAAFD44002C2CCC /* SearchViewController.swift in Sources */,
				9C73791D2BAB7E4F002C2CCC /* DetailViewModel.swift in Sources */,
				9C7378842BAAFD44002C2CCC /* AppDelegate.swift in Sources */,
				9C7379192BAB7E27002C2CCC /* DetailViewController.swift in Sources */,
				9C7378862BAAFD44002C2CCC /* SceneDelegate.swift in Sources */,
				9C87C12A2BB1B26900F2723D /* SearchTextCell.swift in Sources */,
				9C7379212BAB7E7F002C2CCC /* SynonymModel.swift in Sources */,
				9C73791F2BAB7E6A002C2CCC /* WordModel.swift in Sources */,
			);
			runOnlyForDeploymentPostprocessing = 0;
		};
		9C7378922BAAFD48002C2CCC /* Sources */ = {
			isa = PBXSourcesBuildPhase;
			buildActionMask = 2147483647;
			files = (
				9C73789B2BAAFD48002C2CCC /* WordExplorerTests.swift in Sources */,
			);
			runOnlyForDeploymentPostprocessing = 0;
		};
		9C73789C2BAAFD48002C2CCC /* Sources */ = {
			isa = PBXSourcesBuildPhase;
			buildActionMask = 2147483647;
			files = (
				9C7378A52BAAFD48002C2CCC /* WordExplorerUITests.swift in Sources */,
				9C7378A72BAAFD48002C2CCC /* WordExplorerUITestsLaunchTests.swift in Sources */,
			);
			runOnlyForDeploymentPostprocessing = 0;
		};
/* End PBXSourcesBuildPhase section */

/* Begin PBXTargetDependency section */
		9C7378982BAAFD48002C2CCC /* PBXTargetDependency */ = {
			isa = PBXTargetDependency;
			target = 9C73787F2BAAFD44002C2CCC /* WordExplorer */;
			targetProxy = 9C7378972BAAFD48002C2CCC /* PBXContainerItemProxy */;
		};
		9C7378A22BAAFD48002C2CCC /* PBXTargetDependency */ = {
			isa = PBXTargetDependency;
			target = 9C73787F2BAAFD44002C2CCC /* WordExplorer */;
			targetProxy = 9C7378A12BAAFD48002C2CCC /* PBXContainerItemProxy */;
		};
/* End PBXTargetDependency section */

/* Begin PBXVariantGroup section */
		9C7378892BAAFD44002C2CCC /* Main.storyboard */ = {
			isa = PBXVariantGroup;
			children = (
				9C73788A2BAAFD44002C2CCC /* Base */,
			);
			name = Main.storyboard;
			sourceTree = "<group>";
		};
		9C73788E2BAAFD47002C2CCC /* LaunchScreen.storyboard */ = {
			isa = PBXVariantGroup;
			children = (
				9C73788F2BAAFD47002C2CCC /* Base */,
			);
			name = LaunchScreen.storyboard;
			sourceTree = "<group>";
		};
/* End PBXVariantGroup section */

/* Begin XCBuildConfiguration section */
		9C7378A82BAAFD48002C2CCC /* Debug */ = {
			isa = XCBuildConfiguration;
			buildSettings = {
				ALWAYS_SEARCH_USER_PATHS = NO;
				ASSETCATALOG_COMPILER_GENERATE_SWIFT_ASSET_SYMBOL_EXTENSIONS = YES;
				CLANG_ANALYZER_NONNULL = YES;
				CLANG_ANALYZER_NUMBER_OBJECT_CONVERSION = YES_AGGRESSIVE;
				CLANG_CXX_LANGUAGE_STANDARD = "gnu++20";
				CLANG_ENABLE_MODULES = YES;
				CLANG_ENABLE_OBJC_ARC = YES;
				CLANG_ENABLE_OBJC_WEAK = YES;
				CLANG_WARN_BLOCK_CAPTURE_AUTORELEASING = YES;
				CLANG_WARN_BOOL_CONVERSION = YES;
				CLANG_WARN_COMMA = YES;
				CLANG_WARN_CONSTANT_CONVERSION = YES;
				CLANG_WARN_DEPRECATED_OBJC_IMPLEMENTATIONS = YES;
				CLANG_WARN_DIRECT_OBJC_ISA_USAGE = YES_ERROR;
				CLANG_WARN_DOCUMENTATION_COMMENTS = YES;
				CLANG_WARN_EMPTY_BODY = YES;
				CLANG_WARN_ENUM_CONVERSION = YES;
				CLANG_WARN_INFINITE_RECURSION = YES;
				CLANG_WARN_INT_CONVERSION = YES;
				CLANG_WARN_NON_LITERAL_NULL_CONVERSION = YES;
				CLANG_WARN_OBJC_IMPLICIT_RETAIN_SELF = YES;
				CLANG_WARN_OBJC_LITERAL_CONVERSION = YES;
				CLANG_WARN_OBJC_ROOT_CLASS = YES_ERROR;
				CLANG_WARN_QUOTED_INCLUDE_IN_FRAMEWORK_HEADER = YES;
				CLANG_WARN_RANGE_LOOP_ANALYSIS = YES;
				CLANG_WARN_STRICT_PROTOTYPES = YES;
				CLANG_WARN_SUSPICIOUS_MOVE = YES;
				CLANG_WARN_UNGUARDED_AVAILABILITY = YES_AGGRESSIVE;
				CLANG_WARN_UNREACHABLE_CODE = YES;
				CLANG_WARN__DUPLICATE_METHOD_MATCH = YES;
				COPY_PHASE_STRIP = NO;
				DEBUG_INFORMATION_FORMAT = dwarf;
				ENABLE_STRICT_OBJC_MSGSEND = YES;
				ENABLE_TESTABILITY = YES;
				ENABLE_USER_SCRIPT_SANDBOXING = YES;
				GCC_C_LANGUAGE_STANDARD = gnu17;
				GCC_DYNAMIC_NO_PIC = NO;
				GCC_NO_COMMON_BLOCKS = YES;
				GCC_OPTIMIZATION_LEVEL = 0;
				GCC_PREPROCESSOR_DEFINITIONS = (
					"DEBUG=1",
					"$(inherited)",
				);
				GCC_WARN_64_TO_32_BIT_CONVERSION = YES;
				GCC_WARN_ABOUT_RETURN_TYPE = YES_ERROR;
				GCC_WARN_UNDECLARED_SELECTOR = YES;
				GCC_WARN_UNINITIALIZED_AUTOS = YES_AGGRESSIVE;
				GCC_WARN_UNUSED_FUNCTION = YES;
				GCC_WARN_UNUSED_VARIABLE = YES;
				IPHONEOS_DEPLOYMENT_TARGET = 17.4;
				LOCALIZATION_PREFERS_STRING_CATALOGS = YES;
				MTL_ENABLE_DEBUG_INFO = INCLUDE_SOURCE;
				MTL_FAST_MATH = YES;
				ONLY_ACTIVE_ARCH = YES;
				SDKROOT = iphoneos;
				SWIFT_ACTIVE_COMPILATION_CONDITIONS = "DEBUG $(inherited)";
				SWIFT_OPTIMIZATION_LEVEL = "-Onone";
			};
			name = Debug;
		};
		9C7378A92BAAFD48002C2CCC /* Release */ = {
			isa = XCBuildConfiguration;
			buildSettings = {
				ALWAYS_SEARCH_USER_PATHS = NO;
				ASSETCATALOG_COMPILER_GENERATE_SWIFT_ASSET_SYMBOL_EXTENSIONS = YES;
				CLANG_ANALYZER_NONNULL = YES;
				CLANG_ANALYZER_NUMBER_OBJECT_CONVERSION = YES_AGGRESSIVE;
				CLANG_CXX_LANGUAGE_STANDARD = "gnu++20";
				CLANG_ENABLE_MODULES = YES;
				CLANG_ENABLE_OBJC_ARC = YES;
				CLANG_ENABLE_OBJC_WEAK = YES;
				CLANG_WARN_BLOCK_CAPTURE_AUTORELEASING = YES;
				CLANG_WARN_BOOL_CONVERSION = YES;
				CLANG_WARN_COMMA = YES;
				CLANG_WARN_CONSTANT_CONVERSION = YES;
				CLANG_WARN_DEPRECATED_OBJC_IMPLEMENTATIONS = YES;
				CLANG_WARN_DIRECT_OBJC_ISA_USAGE = YES_ERROR;
				CLANG_WARN_DOCUMENTATION_COMMENTS = YES;
				CLANG_WARN_EMPTY_BODY = YES;
				CLANG_WARN_ENUM_CONVERSION = YES;
				CLANG_WARN_INFINITE_RECURSION = YES;
				CLANG_WARN_INT_CONVERSION = YES;
				CLANG_WARN_NON_LITERAL_NULL_CONVERSION = YES;
				CLANG_WARN_OBJC_IMPLICIT_RETAIN_SELF = YES;
				CLANG_WARN_OBJC_LITERAL_CONVERSION = YES;
				CLANG_WARN_OBJC_ROOT_CLASS = YES_ERROR;
				CLANG_WARN_QUOTED_INCLUDE_IN_FRAMEWORK_HEADER = YES;
				CLANG_WARN_RANGE_LOOP_ANALYSIS = YES;
				CLANG_WARN_STRICT_PROTOTYPES = YES;
				CLANG_WARN_SUSPICIOUS_MOVE = YES;
				CLANG_WARN_UNGUARDED_AVAILABILITY = YES_AGGRESSIVE;
				CLANG_WARN_UNREACHABLE_CODE = YES;
				CLANG_WARN__DUPLICATE_METHOD_MATCH = YES;
				COPY_PHASE_STRIP = NO;
				DEBUG_INFORMATION_FORMAT = "dwarf-with-dsym";
				ENABLE_NS_ASSERTIONS = NO;
				ENABLE_STRICT_OBJC_MSGSEND = YES;
				ENABLE_USER_SCRIPT_SANDBOXING = YES;
				GCC_C_LANGUAGE_STANDARD = gnu17;
				GCC_NO_COMMON_BLOCKS = YES;
				GCC_WARN_64_TO_32_BIT_CONVERSION = YES;
				GCC_WARN_ABOUT_RETURN_TYPE = YES_ERROR;
				GCC_WARN_UNDECLARED_SELECTOR = YES;
				GCC_WARN_UNINITIALIZED_AUTOS = YES_AGGRESSIVE;
				GCC_WARN_UNUSED_FUNCTION = YES;
				GCC_WARN_UNUSED_VARIABLE = YES;
				IPHONEOS_DEPLOYMENT_TARGET = 17.4;
				LOCALIZATION_PREFERS_STRING_CATALOGS = YES;
				MTL_ENABLE_DEBUG_INFO = NO;
				MTL_FAST_MATH = YES;
				SDKROOT = iphoneos;
				SWIFT_COMPILATION_MODE = wholemodule;
				VALIDATE_PRODUCT = YES;
			};
			name = Release;
		};
		9C7378AB2BAAFD48002C2CCC /* Debug */ = {
			isa = XCBuildConfiguration;
			buildSettings = {
				ASSETCATALOG_COMPILER_APPICON_NAME = AppIcon;
				ASSETCATALOG_COMPILER_GLOBAL_ACCENT_COLOR_NAME = AccentColor;
				CODE_SIGN_STYLE = Automatic;
				CURRENT_PROJECT_VERSION = 1;
				DEVELOPMENT_TEAM = 924W43ZCZ4;
				GENERATE_INFOPLIST_FILE = YES;
				INFOPLIST_FILE = WordExplorer/Info.plist;
				INFOPLIST_KEY_UIApplicationSupportsIndirectInputEvents = YES;
				INFOPLIST_KEY_UILaunchStoryboardName = LaunchScreen;
				INFOPLIST_KEY_UIMainStoryboardFile = Main;
				INFOPLIST_KEY_UISupportedInterfaceOrientations_iPad = "UIInterfaceOrientationPortrait UIInterfaceOrientationPortraitUpsideDown UIInterfaceOrientationLandscapeLeft UIInterfaceOrientationLandscapeRight";
				INFOPLIST_KEY_UISupportedInterfaceOrientations_iPhone = "UIInterfaceOrientationPortrait UIInterfaceOrientationLandscapeLeft UIInterfaceOrientationLandscapeRight";
				IPHONEOS_DEPLOYMENT_TARGET = 16.0;
				LD_RUNPATH_SEARCH_PATHS = (
					"$(inherited)",
					"@executable_path/Frameworks",
				);
				MARKETING_VERSION = 1.0;
				PRODUCT_BUNDLE_IDENTIFIER = com.info.WordExplorer;
				PRODUCT_NAME = "$(TARGET_NAME)";
				SWIFT_EMIT_LOC_STRINGS = YES;
				SWIFT_VERSION = 5.0;
				TARGETED_DEVICE_FAMILY = "1,2";
			};
			name = Debug;
		};
		9C7378AC2BAAFD48002C2CCC /* Release */ = {
			isa = XCBuildConfiguration;
			buildSettings = {
				ASSETCATALOG_COMPILER_APPICON_NAME = AppIcon;
				ASSETCATALOG_COMPILER_GLOBAL_ACCENT_COLOR_NAME = AccentColor;
				CODE_SIGN_STYLE = Automatic;
				CURRENT_PROJECT_VERSION = 1;
				DEVELOPMENT_TEAM = 924W43ZCZ4;
				GENERATE_INFOPLIST_FILE = YES;
				INFOPLIST_FILE = WordExplorer/Info.plist;
				INFOPLIST_KEY_UIApplicationSupportsIndirectInputEvents = YES;
				INFOPLIST_KEY_UILaunchStoryboardName = LaunchScreen;
				INFOPLIST_KEY_UIMainStoryboardFile = Main;
				INFOPLIST_KEY_UISupportedInterfaceOrientations_iPad = "UIInterfaceOrientationPortrait UIInterfaceOrientationPortraitUpsideDown UIInterfaceOrientationLandscapeLeft UIInterfaceOrientationLandscapeRight";
				INFOPLIST_KEY_UISupportedInterfaceOrientations_iPhone = "UIInterfaceOrientationPortrait UIInterfaceOrientationLandscapeLeft UIInterfaceOrientationLandscapeRight";
				IPHONEOS_DEPLOYMENT_TARGET = 16.0;
				LD_RUNPATH_SEARCH_PATHS = (
					"$(inherited)",
					"@executable_path/Frameworks",
				);
				MARKETING_VERSION = 1.0;
				PRODUCT_BUNDLE_IDENTIFIER = com.info.WordExplorer;
				PRODUCT_NAME = "$(TARGET_NAME)";
				SWIFT_EMIT_LOC_STRINGS = YES;
				SWIFT_VERSION = 5.0;
				TARGETED_DEVICE_FAMILY = "1,2";
			};
			name = Release;
		};
		9C7378AE2BAAFD48002C2CCC /* Debug */ = {
			isa = XCBuildConfiguration;
			buildSettings = {
				ALWAYS_EMBED_SWIFT_STANDARD_LIBRARIES = YES;
				BUNDLE_LOADER = "$(TEST_HOST)";
				CODE_SIGN_STYLE = Automatic;
				CURRENT_PROJECT_VERSION = 1;
				DEVELOPMENT_TEAM = 924W43ZCZ4;
				GENERATE_INFOPLIST_FILE = YES;
				IPHONEOS_DEPLOYMENT_TARGET = 17.4;
				MARKETING_VERSION = 1.0;
				PRODUCT_BUNDLE_IDENTIFIER = com.info.WordExplorerTests;
				PRODUCT_NAME = "$(TARGET_NAME)";
				SWIFT_EMIT_LOC_STRINGS = NO;
				SWIFT_VERSION = 5.0;
				TARGETED_DEVICE_FAMILY = "1,2";
				TEST_HOST = "$(BUILT_PRODUCTS_DIR)/WordExplorer.app/$(BUNDLE_EXECUTABLE_FOLDER_PATH)/WordExplorer";
			};
			name = Debug;
		};
		9C7378AF2BAAFD48002C2CCC /* Release */ = {
			isa = XCBuildConfiguration;
			buildSettings = {
				ALWAYS_EMBED_SWIFT_STANDARD_LIBRARIES = YES;
				BUNDLE_LOADER = "$(TEST_HOST)";
				CODE_SIGN_STYLE = Automatic;
				CURRENT_PROJECT_VERSION = 1;
				DEVELOPMENT_TEAM = 924W43ZCZ4;
				GENERATE_INFOPLIST_FILE = YES;
				IPHONEOS_DEPLOYMENT_TARGET = 17.4;
				MARKETING_VERSION = 1.0;
				PRODUCT_BUNDLE_IDENTIFIER = com.info.WordExplorerTests;
				PRODUCT_NAME = "$(TARGET_NAME)";
				SWIFT_EMIT_LOC_STRINGS = NO;
				SWIFT_VERSION = 5.0;
				TARGETED_DEVICE_FAMILY = "1,2";
				TEST_HOST = "$(BUILT_PRODUCTS_DIR)/WordExplorer.app/$(BUNDLE_EXECUTABLE_FOLDER_PATH)/WordExplorer";
			};
			name = Release;
		};
		9C7378B12BAAFD48002C2CCC /* Debug */ = {
			isa = XCBuildConfiguration;
			buildSettings = {
				ALWAYS_EMBED_SWIFT_STANDARD_LIBRARIES = YES;
				CODE_SIGN_STYLE = Automatic;
				CURRENT_PROJECT_VERSION = 1;
				DEVELOPMENT_TEAM = 924W43ZCZ4;
				GENERATE_INFOPLIST_FILE = YES;
				MARKETING_VERSION = 1.0;
				PRODUCT_BUNDLE_IDENTIFIER = com.info.WordExplorerUITests;
				PRODUCT_NAME = "$(TARGET_NAME)";
				SWIFT_EMIT_LOC_STRINGS = NO;
				SWIFT_VERSION = 5.0;
				TARGETED_DEVICE_FAMILY = "1,2";
				TEST_TARGET_NAME = WordExplorer;
			};
			name = Debug;
		};
		9C7378B22BAAFD48002C2CCC /* Release */ = {
			isa = XCBuildConfiguration;
			buildSettings = {
				ALWAYS_EMBED_SWIFT_STANDARD_LIBRARIES = YES;
				CODE_SIGN_STYLE = Automatic;
				CURRENT_PROJECT_VERSION = 1;
				DEVELOPMENT_TEAM = 924W43ZCZ4;
				GENERATE_INFOPLIST_FILE = YES;
				MARKETING_VERSION = 1.0;
				PRODUCT_BUNDLE_IDENTIFIER = com.info.WordExplorerUITests;
				PRODUCT_NAME = "$(TARGET_NAME)";
				SWIFT_EMIT_LOC_STRINGS = NO;
				SWIFT_VERSION = 5.0;
				TARGETED_DEVICE_FAMILY = "1,2";
				TEST_TARGET_NAME = WordExplorer;
			};
			name = Release;
		};
/* End XCBuildConfiguration section */

/* Begin XCConfigurationList section */
		9C73787B2BAAFD43002C2CCC /* Build configuration list for PBXProject "WordExplorer" */ = {
			isa = XCConfigurationList;
			buildConfigurations = (
				9C7378A82BAAFD48002C2CCC /* Debug */,
				9C7378A92BAAFD48002C2CCC /* Release */,
			);
			defaultConfigurationIsVisible = 0;
			defaultConfigurationName = Release;
		};
		9C7378AA2BAAFD48002C2CCC /* Build configuration list for PBXNativeTarget "WordExplorer" */ = {
			isa = XCConfigurationList;
			buildConfigurations = (
				9C7378AB2BAAFD48002C2CCC /* Debug */,
				9C7378AC2BAAFD48002C2CCC /* Release */,
			);
			defaultConfigurationIsVisible = 0;
			defaultConfigurationName = Release;
		};
		9C7378AD2BAAFD48002C2CCC /* Build configuration list for PBXNativeTarget "WordExplorerTests" */ = {
			isa = XCConfigurationList;
			buildConfigurations = (
				9C7378AE2BAAFD48002C2CCC /* Debug */,
				9C7378AF2BAAFD48002C2CCC /* Release */,
			);
			defaultConfigurationIsVisible = 0;
			defaultConfigurationName = Release;
		};
		9C7378B02BAAFD48002C2CCC /* Build configuration list for PBXNativeTarget "WordExplorerUITests" */ = {
			isa = XCConfigurationList;
			buildConfigurations = (
				9C7378B12BAAFD48002C2CCC /* Debug */,
				9C7378B22BAAFD48002C2CCC /* Release */,
			);
			defaultConfigurationIsVisible = 0;
			defaultConfigurationName = Release;
		};
/* End XCConfigurationList section */
	};
	rootObject = 9C7378782BAAFD43002C2CCC /* Project object */;
}
